
Microsoft Visual Studio Solution File, Format Version 12.00
# Visual Studio Version 16
VisualStudioVersion = 16.0.31424.327
MinimumVisualStudioVersion = 10.0.40219.1
Project("{FAE04EC0-301F-11D3-BF4B-00C04F79EFBC}") = "BasicAlgorithm8", "BasicAlgorithm8\BasicAlgorithm8.csproj", "{4FB393E4-48EC-40B9-9EAE-F6AFD0DB5646}"
EndProject
Global
	GlobalSection(SolutionConfigurationPlatforms) = preSolution
		Debug|Any CPU = Debug|Any CPU
		Release|Any CPU = Release|Any CPU
	EndGlobalSection
	GlobalSection(ProjectConfigurationPlatforms) = postSolution
		{4FB393E4-48EC-40B9-9EAE-F6AFD0DB5646}.Debug|Any CPU.ActiveCfg = Debug|Any CPU
		{4FB393E4-48EC-40B9-9EAE-F6AFD0DB5646}.Debug|Any CPU.Build.0 = Debug|Any CPU
		{4FB393E4-48EC-40B9-9EAE-F6AFD0DB5646}.Release|Any CPU.ActiveCfg = Release|Any CPU
		{4FB393E4-48EC-40B9-9EAE-F6AFD0DB5646}.Release|Any CPU.Build.0 = Release|Any CPU
	EndGlobalSection
	GlobalSection(SolutionProperties) = preSolution
		HideSolutionNode = FALSE
	EndGlobalSection
	GlobalSection(ExtensibilityGlobals) = postSolution
		SolutionGuid = {B9FB6AA0-5146-4A22-95A2-AB8D9B4FDB81}
	EndGlobalSection
EndGlobal
