
Microsoft Visual Studio Solution File, Format Version 12.00
# Visual Studio Version 16
VisualStudioVersion = 16.0.30907.101
MinimumVisualStudioVersion = 10.0.40219.1
Project("{FAE04EC0-301F-11D3-BF4B-00C04F79EFBC}") = "BasicExercise4", "BasicExercise4.csproj", "{5DBA6A70-B64F-4CC4-BF62-68085332F947}"
EndProject
Global
	GlobalSection(SolutionConfigurationPlatforms) = preSolution
		Debug|Any CPU = Debug|Any CPU
		Release|Any CPU = Release|Any CPU
	EndGlobalSection
	GlobalSection(ProjectConfigurationPlatforms) = postSolution
		{5DBA6A70-B64F-4CC4-BF62-68085332F947}.Debug|Any CPU.ActiveCfg = Debug|Any CPU
		{5DBA6A70-B64F-4CC4-BF62-68085332F947}.Debug|Any CPU.Build.0 = Debug|Any CPU
		{5DBA6A70-B64F-4CC4-BF62-68085332F947}.Release|Any CPU.ActiveCfg = Release|Any CPU
		{5DBA6A70-B64F-4CC4-BF62-68085332F947}.Release|Any CPU.Build.0 = Release|Any CPU
	EndGlobalSection
	GlobalSection(SolutionProperties) = preSolution
		HideSolutionNode = FALSE
	EndGlobalSection
	GlobalSection(ExtensibilityGlobals) = postSolution
		SolutionGuid = {CDF001D5-612F-4FAC-9B44-E30F4A511EE2}
	EndGlobalSection
EndGlobal
