
Microsoft Visual Studio Solution File, Format Version 12.00
# Visual Studio Version 16
VisualStudioVersion = 16.0.31424.327
MinimumVisualStudioVersion = 10.0.40219.1
Project("{FAE04EC0-301F-11D3-BF4B-00C04F79EFBC}") = "BasicAlgorithm21", "BasicAlgorithm21\BasicAlgorithm21.csproj", "{223E3C1D-3DF9-401F-9AC1-2D341AB4C9E5}"
EndProject
Global
	GlobalSection(SolutionConfigurationPlatforms) = preSolution
		Debug|Any CPU = Debug|Any CPU
		Release|Any CPU = Release|Any CPU
	EndGlobalSection
	GlobalSection(ProjectConfigurationPlatforms) = postSolution
		{223E3C1D-3DF9-401F-9AC1-2D341AB4C9E5}.Debug|Any CPU.ActiveCfg = Debug|Any CPU
		{223E3C1D-3DF9-401F-9AC1-2D341AB4C9E5}.Debug|Any CPU.Build.0 = Debug|Any CPU
		{223E3C1D-3DF9-401F-9AC1-2D341AB4C9E5}.Release|Any CPU.ActiveCfg = Release|Any CPU
		{223E3C1D-3DF9-401F-9AC1-2D341AB4C9E5}.Release|Any CPU.Build.0 = Release|Any CPU
	EndGlobalSection
	GlobalSection(SolutionProperties) = preSolution
		HideSolutionNode = FALSE
	EndGlobalSection
	GlobalSection(ExtensibilityGlobals) = postSolution
		SolutionGuid = {85026DB8-1632-4F4F-AF67-52175E85BE3E}
	EndGlobalSection
EndGlobal
