
Microsoft Visual Studio Solution File, Format Version 12.00
# Visual Studio Version 16
VisualStudioVersion = 16.0.31613.86
MinimumVisualStudioVersion = 10.0.40219.1
Project("{FAE04EC0-301F-11D3-BF4B-00C04F79EFBC}") = "BasicAlgorithm37", "BasicAlgorithm37\BasicAlgorithm37.csproj", "{F13F29CB-CE57-44A6-AD45-7CA5AC2A81CE}"
EndProject
Global
	GlobalSection(SolutionConfigurationPlatforms) = preSolution
		Debug|Any CPU = Debug|Any CPU
		Release|Any CPU = Release|Any CPU
	EndGlobalSection
	GlobalSection(ProjectConfigurationPlatforms) = postSolution
		{F13F29CB-CE57-44A6-AD45-7CA5AC2A81CE}.Debug|Any CPU.ActiveCfg = Debug|Any CPU
		{F13F29CB-CE57-44A6-AD45-7CA5AC2A81CE}.Debug|Any CPU.Build.0 = Debug|Any CPU
		{F13F29CB-CE57-44A6-AD45-7CA5AC2A81CE}.Release|Any CPU.ActiveCfg = Release|Any CPU
		{F13F29CB-CE57-44A6-AD45-7CA5AC2A81CE}.Release|Any CPU.Build.0 = Release|Any CPU
	EndGlobalSection
	GlobalSection(SolutionProperties) = preSolution
		HideSolutionNode = FALSE
	EndGlobalSection
	GlobalSection(ExtensibilityGlobals) = postSolution
		SolutionGuid = {135F4F0A-6D51-4653-8D44-8088E2B5553C}
	EndGlobalSection
EndGlobal
