
Microsoft Visual Studio Solution File, Format Version 12.00
# Visual Studio Version 16
VisualStudioVersion = 16.0.31019.35
MinimumVisualStudioVersion = 10.0.40219.1
Project("{FAE04EC0-301F-11D3-BF4B-00C04F79EFBC}") = "BasicExercise10", "BasicExercise10\BasicExercise10.csproj", "{9C33950F-A597-4E45-9AEF-D33073AD6BB4}"
EndProject
Global
	GlobalSection(SolutionConfigurationPlatforms) = preSolution
		Debug|Any CPU = Debug|Any CPU
		Release|Any CPU = Release|Any CPU
	EndGlobalSection
	GlobalSection(ProjectConfigurationPlatforms) = postSolution
		{9C33950F-A597-4E45-9AEF-D33073AD6BB4}.Debug|Any CPU.ActiveCfg = Debug|Any CPU
		{9C33950F-A597-4E45-9AEF-D33073AD6BB4}.Debug|Any CPU.Build.0 = Debug|Any CPU
		{9C33950F-A597-4E45-9AEF-D33073AD6BB4}.Release|Any CPU.ActiveCfg = Release|Any CPU
		{9C33950F-A597-4E45-9AEF-D33073AD6BB4}.Release|Any CPU.Build.0 = Release|Any CPU
	EndGlobalSection
	GlobalSection(SolutionProperties) = preSolution
		HideSolutionNode = FALSE
	EndGlobalSection
	GlobalSection(ExtensibilityGlobals) = postSolution
		SolutionGuid = {C6E46AAA-A99E-47E5-9BEF-4FACF93E742C}
	EndGlobalSection
EndGlobal
