
Microsoft Visual Studio Solution File, Format Version 12.00
# Visual Studio Version 16
VisualStudioVersion = 16.0.31205.134
MinimumVisualStudioVersion = 10.0.40219.1
Project("{FAE04EC0-301F-11D3-BF4B-00C04F79EFBC}") = "BasicExercise79", "BasicExercise79.csproj", "{2ABF3602-727E-4BBD-9E80-0EB511CA9230}"
EndProject
Global
	GlobalSection(SolutionConfigurationPlatforms) = preSolution
		Debug|Any CPU = Debug|Any CPU
		Release|Any CPU = Release|Any CPU
	EndGlobalSection
	GlobalSection(ProjectConfigurationPlatforms) = postSolution
		{2ABF3602-727E-4BBD-9E80-0EB511CA9230}.Debug|Any CPU.ActiveCfg = Debug|Any CPU
		{2ABF3602-727E-4BBD-9E80-0EB511CA9230}.Debug|Any CPU.Build.0 = Debug|Any CPU
		{2ABF3602-727E-4BBD-9E80-0EB511CA9230}.Release|Any CPU.ActiveCfg = Release|Any CPU
		{2ABF3602-727E-4BBD-9E80-0EB511CA9230}.Release|Any CPU.Build.0 = Release|Any CPU
	EndGlobalSection
	GlobalSection(SolutionProperties) = preSolution
		HideSolutionNode = FALSE
	EndGlobalSection
	GlobalSection(ExtensibilityGlobals) = postSolution
		SolutionGuid = {8D637B91-737F-4632-A9B1-8FCE01B882D4}
	EndGlobalSection
EndGlobal
