
Microsoft Visual Studio Solution File, Format Version 12.00
# Visual Studio Version 16
VisualStudioVersion = 16.0.31205.134
MinimumVisualStudioVersion = 10.0.40219.1
Project("{FAE04EC0-301F-11D3-BF4B-00C04F79EFBC}") = "BasicExercise67", "BasicExercise67\BasicExercise67.csproj", "{45983809-CC03-46F1-9E64-B0195353DAFA}"
EndProject
Global
	GlobalSection(SolutionConfigurationPlatforms) = preSolution
		Debug|Any CPU = Debug|Any CPU
		Release|Any CPU = Release|Any CPU
	EndGlobalSection
	GlobalSection(ProjectConfigurationPlatforms) = postSolution
		{45983809-CC03-46F1-9E64-B0195353DAFA}.Debug|Any CPU.ActiveCfg = Debug|Any CPU
		{45983809-CC03-46F1-9E64-B0195353DAFA}.Debug|Any CPU.Build.0 = Debug|Any CPU
		{45983809-CC03-46F1-9E64-B0195353DAFA}.Release|Any CPU.ActiveCfg = Release|Any CPU
		{45983809-CC03-46F1-9E64-B0195353DAFA}.Release|Any CPU.Build.0 = Release|Any CPU
	EndGlobalSection
	GlobalSection(SolutionProperties) = preSolution
		HideSolutionNode = FALSE
	EndGlobalSection
	GlobalSection(ExtensibilityGlobals) = postSolution
		SolutionGuid = {243F6ADF-3FB5-4CBE-BCFC-C432E4679082}
	EndGlobalSection
EndGlobal
