
Microsoft Visual Studio Solution File, Format Version 12.00
# Visual Studio Version 16
VisualStudioVersion = 16.0.31410.357
MinimumVisualStudioVersion = 10.0.40219.1
Project("{FAE04EC0-301F-11D3-BF4B-00C04F79EFBC}") = "BasicExercise86", "BasicExercise86\BasicExercise86.csproj", "{2949EB25-CD12-4913-960B-3AC4767181DE}"
EndProject
Global
	GlobalSection(SolutionConfigurationPlatforms) = preSolution
		Debug|Any CPU = Debug|Any CPU
		Release|Any CPU = Release|Any CPU
	EndGlobalSection
	GlobalSection(ProjectConfigurationPlatforms) = postSolution
		{2949EB25-CD12-4913-960B-3AC4767181DE}.Debug|Any CPU.ActiveCfg = Debug|Any CPU
		{2949EB25-CD12-4913-960B-3AC4767181DE}.Debug|Any CPU.Build.0 = Debug|Any CPU
		{2949EB25-CD12-4913-960B-3AC4767181DE}.Release|Any CPU.ActiveCfg = Release|Any CPU
		{2949EB25-CD12-4913-960B-3AC4767181DE}.Release|Any CPU.Build.0 = Release|Any CPU
	EndGlobalSection
	GlobalSection(SolutionProperties) = preSolution
		HideSolutionNode = FALSE
	EndGlobalSection
	GlobalSection(ExtensibilityGlobals) = postSolution
		SolutionGuid = {C03C8C62-B44A-4479-8C8E-49B63090EE6E}
	EndGlobalSection
EndGlobal
