
Microsoft Visual Studio Solution File, Format Version 12.00
# Visual Studio Version 16
VisualStudioVersion = 16.0.30907.101
MinimumVisualStudioVersion = 10.0.40219.1
Project("{FAE04EC0-301F-11D3-BF4B-00C04F79EFBC}") = "BasicExercise6", "BasicExercise6.csproj", "{FCFCEA66-A67A-48AC-B780-9977EA679F46}"
EndProject
Global
	GlobalSection(SolutionConfigurationPlatforms) = preSolution
		Debug|Any CPU = Debug|Any CPU
		Release|Any CPU = Release|Any CPU
	EndGlobalSection
	GlobalSection(ProjectConfigurationPlatforms) = postSolution
		{FCFCEA66-A67A-48AC-B780-9977EA679F46}.Debug|Any CPU.ActiveCfg = Debug|Any CPU
		{FCFCEA66-A67A-48AC-B780-9977EA679F46}.Debug|Any CPU.Build.0 = Debug|Any CPU
		{FCFCEA66-A67A-48AC-B780-9977EA679F46}.Release|Any CPU.ActiveCfg = Release|Any CPU
		{FCFCEA66-A67A-48AC-B780-9977EA679F46}.Release|Any CPU.Build.0 = Release|Any CPU
	EndGlobalSection
	GlobalSection(SolutionProperties) = preSolution
		HideSolutionNode = FALSE
	EndGlobalSection
	GlobalSection(ExtensibilityGlobals) = postSolution
		SolutionGuid = {F5222259-7136-4522-8A18-C08081AEA8D8}
	EndGlobalSection
EndGlobal
