
Microsoft Visual Studio Solution File, Format Version 12.00
# Visual Studio Version 16
VisualStudioVersion = 16.0.31424.327
MinimumVisualStudioVersion = 10.0.40219.1
Project("{FAE04EC0-301F-11D3-BF4B-00C04F79EFBC}") = "BasicAlgorithm1", "BasicAlgorithm1\BasicAlgorithm1.csproj", "{62BFD0B5-731B-415A-A366-4D377236E74C}"
EndProject
Global
	GlobalSection(SolutionConfigurationPlatforms) = preSolution
		Debug|Any CPU = Debug|Any CPU
		Release|Any CPU = Release|Any CPU
	EndGlobalSection
	GlobalSection(ProjectConfigurationPlatforms) = postSolution
		{62BFD0B5-731B-415A-A366-4D377236E74C}.Debug|Any CPU.ActiveCfg = Debug|Any CPU
		{62BFD0B5-731B-415A-A366-4D377236E74C}.Debug|Any CPU.Build.0 = Debug|Any CPU
		{62BFD0B5-731B-415A-A366-4D377236E74C}.Release|Any CPU.ActiveCfg = Release|Any CPU
		{62BFD0B5-731B-415A-A366-4D377236E74C}.Release|Any CPU.Build.0 = Release|Any CPU
	EndGlobalSection
	GlobalSection(SolutionProperties) = preSolution
		HideSolutionNode = FALSE
	EndGlobalSection
	GlobalSection(ExtensibilityGlobals) = postSolution
		SolutionGuid = {B10053DF-C0EB-420B-B31F-71761E0AD59E}
	EndGlobalSection
EndGlobal
