
Microsoft Visual Studio Solution File, Format Version 12.00
# Visual Studio Version 16
VisualStudioVersion = 16.0.31613.86
MinimumVisualStudioVersion = 10.0.40219.1
Project("{FAE04EC0-301F-11D3-BF4B-00C04F79EFBC}") = "BasicAlgorithm30", "BasicAlgorithm30\BasicAlgorithm30.csproj", "{BD471200-E860-46F8-A570-9C725712411E}"
EndProject
Global
	GlobalSection(SolutionConfigurationPlatforms) = preSolution
		Debug|Any CPU = Debug|Any CPU
		Release|Any CPU = Release|Any CPU
	EndGlobalSection
	GlobalSection(ProjectConfigurationPlatforms) = postSolution
		{BD471200-E860-46F8-A570-9C725712411E}.Debug|Any CPU.ActiveCfg = Debug|Any CPU
		{BD471200-E860-46F8-A570-9C725712411E}.Debug|Any CPU.Build.0 = Debug|Any CPU
		{BD471200-E860-46F8-A570-9C725712411E}.Release|Any CPU.ActiveCfg = Release|Any CPU
		{BD471200-E860-46F8-A570-9C725712411E}.Release|Any CPU.Build.0 = Release|Any CPU
	EndGlobalSection
	GlobalSection(SolutionProperties) = preSolution
		HideSolutionNode = FALSE
	EndGlobalSection
	GlobalSection(ExtensibilityGlobals) = postSolution
		SolutionGuid = {8D67860E-D565-4799-A16E-55F51DA7170B}
	EndGlobalSection
EndGlobal
