
Microsoft Visual Studio Solution File, Format Version 12.00
# Visual Studio Version 16
VisualStudioVersion = 16.0.30907.101
MinimumVisualStudioVersion = 10.0.40219.1
Project("{FAE04EC0-301F-11D3-BF4B-00C04F79EFBC}") = "BasicExercise3", "BasicExercise3.csproj", "{86F4659D-A8BC-41FE-8067-8E320EBBD8AD}"
EndProject
Global
	GlobalSection(SolutionConfigurationPlatforms) = preSolution
		Debug|Any CPU = Debug|Any CPU
		Release|Any CPU = Release|Any CPU
	EndGlobalSection
	GlobalSection(ProjectConfigurationPlatforms) = postSolution
		{86F4659D-A8BC-41FE-8067-8E320EBBD8AD}.Debug|Any CPU.ActiveCfg = Debug|Any CPU
		{86F4659D-A8BC-41FE-8067-8E320EBBD8AD}.Debug|Any CPU.Build.0 = Debug|Any CPU
		{86F4659D-A8BC-41FE-8067-8E320EBBD8AD}.Release|Any CPU.ActiveCfg = Release|Any CPU
		{86F4659D-A8BC-41FE-8067-8E320EBBD8AD}.Release|Any CPU.Build.0 = Release|Any CPU
	EndGlobalSection
	GlobalSection(SolutionProperties) = preSolution
		HideSolutionNode = FALSE
	EndGlobalSection
	GlobalSection(ExtensibilityGlobals) = postSolution
		SolutionGuid = {FBCFDBB8-1F28-441B-99F4-6797727F481E}
	EndGlobalSection
EndGlobal
