
Microsoft Visual Studio Solution File, Format Version 12.00
# Visual Studio Version 16
VisualStudioVersion = 16.0.31019.35
MinimumVisualStudioVersion = 10.0.40219.1
Project("{FAE04EC0-301F-11D3-BF4B-00C04F79EFBC}") = "BasicExercise27", "BasicExercise27\BasicExercise27.csproj", "{9A963608-A93D-4442-95F7-B9594F0F1E1B}"
EndProject
Global
	GlobalSection(SolutionConfigurationPlatforms) = preSolution
		Debug|Any CPU = Debug|Any CPU
		Release|Any CPU = Release|Any CPU
	EndGlobalSection
	GlobalSection(ProjectConfigurationPlatforms) = postSolution
		{9A963608-A93D-4442-95F7-B9594F0F1E1B}.Debug|Any CPU.ActiveCfg = Debug|Any CPU
		{9A963608-A93D-4442-95F7-B9594F0F1E1B}.Debug|Any CPU.Build.0 = Debug|Any CPU
		{9A963608-A93D-4442-95F7-B9594F0F1E1B}.Release|Any CPU.ActiveCfg = Release|Any CPU
		{9A963608-A93D-4442-95F7-B9594F0F1E1B}.Release|Any CPU.Build.0 = Release|Any CPU
	EndGlobalSection
	GlobalSection(SolutionProperties) = preSolution
		HideSolutionNode = FALSE
	EndGlobalSection
	GlobalSection(ExtensibilityGlobals) = postSolution
		SolutionGuid = {1414A056-9459-42A6-9F9F-AFCFE10EDFB5}
	EndGlobalSection
EndGlobal
