
Microsoft Visual Studio Solution File, Format Version 12.00
# Visual Studio Version 16
VisualStudioVersion = 16.0.31613.86
MinimumVisualStudioVersion = 10.0.40219.1
Project("{FAE04EC0-301F-11D3-BF4B-00C04F79EFBC}") = "BasicAlgorithm34", "BasicAlgorithm34\BasicAlgorithm34.csproj", "{AF2BBEA2-0AE9-4464-BB6A-D01217ED0F3D}"
EndProject
Global
	GlobalSection(SolutionConfigurationPlatforms) = preSolution
		Debug|Any CPU = Debug|Any CPU
		Release|Any CPU = Release|Any CPU
	EndGlobalSection
	GlobalSection(ProjectConfigurationPlatforms) = postSolution
		{AF2BBEA2-0AE9-4464-BB6A-D01217ED0F3D}.Debug|Any CPU.ActiveCfg = Debug|Any CPU
		{AF2BBEA2-0AE9-4464-BB6A-D01217ED0F3D}.Debug|Any CPU.Build.0 = Debug|Any CPU
		{AF2BBEA2-0AE9-4464-BB6A-D01217ED0F3D}.Release|Any CPU.ActiveCfg = Release|Any CPU
		{AF2BBEA2-0AE9-4464-BB6A-D01217ED0F3D}.Release|Any CPU.Build.0 = Release|Any CPU
	EndGlobalSection
	GlobalSection(SolutionProperties) = preSolution
		HideSolutionNode = FALSE
	EndGlobalSection
	GlobalSection(ExtensibilityGlobals) = postSolution
		SolutionGuid = {1376DA86-903A-4851-8372-AD138273CF0A}
	EndGlobalSection
EndGlobal
