
Microsoft Visual Studio Solution File, Format Version 12.00
# Visual Studio Version 16
VisualStudioVersion = 16.0.31205.134
MinimumVisualStudioVersion = 10.0.40219.1
Project("{FAE04EC0-301F-11D3-BF4B-00C04F79EFBC}") = "BasicExercise63", "BasicExercise63\BasicExercise63.csproj", "{21E84FCD-6B06-4FFD-906C-B01BD0036279}"
EndProject
Global
	GlobalSection(SolutionConfigurationPlatforms) = preSolution
		Debug|Any CPU = Debug|Any CPU
		Release|Any CPU = Release|Any CPU
	EndGlobalSection
	GlobalSection(ProjectConfigurationPlatforms) = postSolution
		{21E84FCD-6B06-4FFD-906C-B01BD0036279}.Debug|Any CPU.ActiveCfg = Debug|Any CPU
		{21E84FCD-6B06-4FFD-906C-B01BD0036279}.Debug|Any CPU.Build.0 = Debug|Any CPU
		{21E84FCD-6B06-4FFD-906C-B01BD0036279}.Release|Any CPU.ActiveCfg = Release|Any CPU
		{21E84FCD-6B06-4FFD-906C-B01BD0036279}.Release|Any CPU.Build.0 = Release|Any CPU
	EndGlobalSection
	GlobalSection(SolutionProperties) = preSolution
		HideSolutionNode = FALSE
	EndGlobalSection
	GlobalSection(ExtensibilityGlobals) = postSolution
		SolutionGuid = {7ADCA7FB-49D0-4174-8EB0-7BC466B7BFEC}
	EndGlobalSection
EndGlobal
