
Microsoft Visual Studio Solution File, Format Version 12.00
# Visual Studio Version 16
VisualStudioVersion = 16.0.31424.327
MinimumVisualStudioVersion = 10.0.40219.1
Project("{FAE04EC0-301F-11D3-BF4B-00C04F79EFBC}") = "BasicAlgorithm9", "BasicAlgorithm9\BasicAlgorithm9.csproj", "{BA0974CA-EFF3-412C-8D1A-63560F7541C7}"
EndProject
Global
	GlobalSection(SolutionConfigurationPlatforms) = preSolution
		Debug|Any CPU = Debug|Any CPU
		Release|Any CPU = Release|Any CPU
	EndGlobalSection
	GlobalSection(ProjectConfigurationPlatforms) = postSolution
		{BA0974CA-EFF3-412C-8D1A-63560F7541C7}.Debug|Any CPU.ActiveCfg = Debug|Any CPU
		{BA0974CA-EFF3-412C-8D1A-63560F7541C7}.Debug|Any CPU.Build.0 = Debug|Any CPU
		{BA0974CA-EFF3-412C-8D1A-63560F7541C7}.Release|Any CPU.ActiveCfg = Release|Any CPU
		{BA0974CA-EFF3-412C-8D1A-63560F7541C7}.Release|Any CPU.Build.0 = Release|Any CPU
	EndGlobalSection
	GlobalSection(SolutionProperties) = preSolution
		HideSolutionNode = FALSE
	EndGlobalSection
	GlobalSection(ExtensibilityGlobals) = postSolution
		SolutionGuid = {650D22B8-78AE-4514-ACFF-F252EF55D335}
	EndGlobalSection
EndGlobal
