
Microsoft Visual Studio Solution File, Format Version 12.00
# Visual Studio Version 16
VisualStudioVersion = 16.0.31205.134
MinimumVisualStudioVersion = 10.0.40219.1
Project("{FAE04EC0-301F-11D3-BF4B-00C04F79EFBC}") = "BasicExercise78", "BasicExercise78\BasicExercise78.csproj", "{981BCEDC-FF87-4190-8F16-DF5E65DA0559}"
EndProject
Global
	GlobalSection(SolutionConfigurationPlatforms) = preSolution
		Debug|Any CPU = Debug|Any CPU
		Release|Any CPU = Release|Any CPU
	EndGlobalSection
	GlobalSection(ProjectConfigurationPlatforms) = postSolution
		{981BCEDC-FF87-4190-8F16-DF5E65DA0559}.Debug|Any CPU.ActiveCfg = Debug|Any CPU
		{981BCEDC-FF87-4190-8F16-DF5E65DA0559}.Debug|Any CPU.Build.0 = Debug|Any CPU
		{981BCEDC-FF87-4190-8F16-DF5E65DA0559}.Release|Any CPU.ActiveCfg = Release|Any CPU
		{981BCEDC-FF87-4190-8F16-DF5E65DA0559}.Release|Any CPU.Build.0 = Release|Any CPU
	EndGlobalSection
	GlobalSection(SolutionProperties) = preSolution
		HideSolutionNode = FALSE
	EndGlobalSection
	GlobalSection(ExtensibilityGlobals) = postSolution
		SolutionGuid = {BF1CAD8C-CBB1-4047-BAF8-E3F666E1F816}
	EndGlobalSection
EndGlobal
