
Microsoft Visual Studio Solution File, Format Version 12.00
# Visual Studio Version 16
VisualStudioVersion = 16.0.31205.134
MinimumVisualStudioVersion = 10.0.40219.1
Project("{FAE04EC0-301F-11D3-BF4B-00C04F79EFBC}") = "BasicExercise77", "BasicExercise77\BasicExercise77.csproj", "{51640FC8-5135-4C12-86D6-C27EBF18B2D2}"
EndProject
Global
	GlobalSection(SolutionConfigurationPlatforms) = preSolution
		Debug|Any CPU = Debug|Any CPU
		Release|Any CPU = Release|Any CPU
	EndGlobalSection
	GlobalSection(ProjectConfigurationPlatforms) = postSolution
		{51640FC8-5135-4C12-86D6-C27EBF18B2D2}.Debug|Any CPU.ActiveCfg = Debug|Any CPU
		{51640FC8-5135-4C12-86D6-C27EBF18B2D2}.Debug|Any CPU.Build.0 = Debug|Any CPU
		{51640FC8-5135-4C12-86D6-C27EBF18B2D2}.Release|Any CPU.ActiveCfg = Release|Any CPU
		{51640FC8-5135-4C12-86D6-C27EBF18B2D2}.Release|Any CPU.Build.0 = Release|Any CPU
	EndGlobalSection
	GlobalSection(SolutionProperties) = preSolution
		HideSolutionNode = FALSE
	EndGlobalSection
	GlobalSection(ExtensibilityGlobals) = postSolution
		SolutionGuid = {6B0C7F46-BEC3-430C-937A-5B07F3AB75E4}
	EndGlobalSection
EndGlobal
