
Microsoft Visual Studio Solution File, Format Version 12.00
# Visual Studio Version 16
VisualStudioVersion = 16.0.31205.134
MinimumVisualStudioVersion = 10.0.40219.1
Project("{FAE04EC0-301F-11D3-BF4B-00C04F79EFBC}") = "BasicExercise66", "BasicExercise66\BasicExercise66.csproj", "{94977716-3247-47B8-B3B5-573C7F04FBF5}"
EndProject
Global
	GlobalSection(SolutionConfigurationPlatforms) = preSolution
		Debug|Any CPU = Debug|Any CPU
		Release|Any CPU = Release|Any CPU
	EndGlobalSection
	GlobalSection(ProjectConfigurationPlatforms) = postSolution
		{94977716-3247-47B8-B3B5-573C7F04FBF5}.Debug|Any CPU.ActiveCfg = Debug|Any CPU
		{94977716-3247-47B8-B3B5-573C7F04FBF5}.Debug|Any CPU.Build.0 = Debug|Any CPU
		{94977716-3247-47B8-B3B5-573C7F04FBF5}.Release|Any CPU.ActiveCfg = Release|Any CPU
		{94977716-3247-47B8-B3B5-573C7F04FBF5}.Release|Any CPU.Build.0 = Release|Any CPU
	EndGlobalSection
	GlobalSection(SolutionProperties) = preSolution
		HideSolutionNode = FALSE
	EndGlobalSection
	GlobalSection(ExtensibilityGlobals) = postSolution
		SolutionGuid = {06D4B127-BCF3-49D6-B295-A34E27A584B3}
	EndGlobalSection
EndGlobal
