
Microsoft Visual Studio Solution File, Format Version 12.00
# Visual Studio Version 16
VisualStudioVersion = 16.0.31019.35
MinimumVisualStudioVersion = 10.0.40219.1
Project("{FAE04EC0-301F-11D3-BF4B-00C04F79EFBC}") = "BasicExercise26", "BasicExercise26\BasicExercise26.csproj", "{66F9B330-8054-4147-AC46-190DD4704555}"
EndProject
Global
	GlobalSection(SolutionConfigurationPlatforms) = preSolution
		Debug|Any CPU = Debug|Any CPU
		Release|Any CPU = Release|Any CPU
	EndGlobalSection
	GlobalSection(ProjectConfigurationPlatforms) = postSolution
		{66F9B330-8054-4147-AC46-190DD4704555}.Debug|Any CPU.ActiveCfg = Debug|Any CPU
		{66F9B330-8054-4147-AC46-190DD4704555}.Debug|Any CPU.Build.0 = Debug|Any CPU
		{66F9B330-8054-4147-AC46-190DD4704555}.Release|Any CPU.ActiveCfg = Release|Any CPU
		{66F9B330-8054-4147-AC46-190DD4704555}.Release|Any CPU.Build.0 = Release|Any CPU
	EndGlobalSection
	GlobalSection(SolutionProperties) = preSolution
		HideSolutionNode = FALSE
	EndGlobalSection
	GlobalSection(ExtensibilityGlobals) = postSolution
		SolutionGuid = {D6523778-C86B-49F8-A632-2F2A6BBAD64F}
	EndGlobalSection
EndGlobal
