
Microsoft Visual Studio Solution File, Format Version 12.00
# Visual Studio Version 16
VisualStudioVersion = 16.0.31019.35
MinimumVisualStudioVersion = 10.0.40219.1
Project("{FAE04EC0-301F-11D3-BF4B-00C04F79EFBC}") = "BasicExercise32", "BasicExercise32\BasicExercise32.csproj", "{28DB8D35-FBF3-4CFC-BDE1-B92C8DE34850}"
EndProject
Global
	GlobalSection(SolutionConfigurationPlatforms) = preSolution
		Debug|Any CPU = Debug|Any CPU
		Release|Any CPU = Release|Any CPU
	EndGlobalSection
	GlobalSection(ProjectConfigurationPlatforms) = postSolution
		{28DB8D35-FBF3-4CFC-BDE1-B92C8DE34850}.Debug|Any CPU.ActiveCfg = Debug|Any CPU
		{28DB8D35-FBF3-4CFC-BDE1-B92C8DE34850}.Debug|Any CPU.Build.0 = Debug|Any CPU
		{28DB8D35-FBF3-4CFC-BDE1-B92C8DE34850}.Release|Any CPU.ActiveCfg = Release|Any CPU
		{28DB8D35-FBF3-4CFC-BDE1-B92C8DE34850}.Release|Any CPU.Build.0 = Release|Any CPU
	EndGlobalSection
	GlobalSection(SolutionProperties) = preSolution
		HideSolutionNode = FALSE
	EndGlobalSection
	GlobalSection(ExtensibilityGlobals) = postSolution
		SolutionGuid = {57B40787-C3F2-4D20-A44F-9AD3C1C03961}
	EndGlobalSection
EndGlobal
