
Microsoft Visual Studio Solution File, Format Version 12.00
# Visual Studio Version 16
VisualStudioVersion = 16.0.31613.86
MinimumVisualStudioVersion = 10.0.40219.1
Project("{FAE04EC0-301F-11D3-BF4B-00C04F79EFBC}") = "BasicAlgorithm46", "BasicAlgorithm46\BasicAlgorithm46.csproj", "{28484D25-64C0-43D2-8CD7-5364DA9134F9}"
EndProject
Global
	GlobalSection(SolutionConfigurationPlatforms) = preSolution
		Debug|Any CPU = Debug|Any CPU
		Release|Any CPU = Release|Any CPU
	EndGlobalSection
	GlobalSection(ProjectConfigurationPlatforms) = postSolution
		{28484D25-64C0-43D2-8CD7-5364DA9134F9}.Debug|Any CPU.ActiveCfg = Debug|Any CPU
		{28484D25-64C0-43D2-8CD7-5364DA9134F9}.Debug|Any CPU.Build.0 = Debug|Any CPU
		{28484D25-64C0-43D2-8CD7-5364DA9134F9}.Release|Any CPU.ActiveCfg = Release|Any CPU
		{28484D25-64C0-43D2-8CD7-5364DA9134F9}.Release|Any CPU.Build.0 = Release|Any CPU
	EndGlobalSection
	GlobalSection(SolutionProperties) = preSolution
		HideSolutionNode = FALSE
	EndGlobalSection
	GlobalSection(ExtensibilityGlobals) = postSolution
		SolutionGuid = {DA14B532-3FD2-47EF-85CC-9DC79102D29D}
	EndGlobalSection
EndGlobal
