
Microsoft Visual Studio Solution File, Format Version 12.00
# Visual Studio Version 16
VisualStudioVersion = 16.0.31424.327
MinimumVisualStudioVersion = 10.0.40219.1
Project("{FAE04EC0-301F-11D3-BF4B-00C04F79EFBC}") = "BasicAlgorithm7", "BasicAlgorithm7\BasicAlgorithm7.csproj", "{BB766E6E-C716-4DB8-9B31-C0DAA7E8B836}"
EndProject
Global
	GlobalSection(SolutionConfigurationPlatforms) = preSolution
		Debug|Any CPU = Debug|Any CPU
		Release|Any CPU = Release|Any CPU
	EndGlobalSection
	GlobalSection(ProjectConfigurationPlatforms) = postSolution
		{BB766E6E-C716-4DB8-9B31-C0DAA7E8B836}.Debug|Any CPU.ActiveCfg = Debug|Any CPU
		{BB766E6E-C716-4DB8-9B31-C0DAA7E8B836}.Debug|Any CPU.Build.0 = Debug|Any CPU
		{BB766E6E-C716-4DB8-9B31-C0DAA7E8B836}.Release|Any CPU.ActiveCfg = Release|Any CPU
		{BB766E6E-C716-4DB8-9B31-C0DAA7E8B836}.Release|Any CPU.Build.0 = Release|Any CPU
	EndGlobalSection
	GlobalSection(SolutionProperties) = preSolution
		HideSolutionNode = FALSE
	EndGlobalSection
	GlobalSection(ExtensibilityGlobals) = postSolution
		SolutionGuid = {D8ACCBC6-5527-4776-8CE0-ED525FEE4496}
	EndGlobalSection
EndGlobal
