
Microsoft Visual Studio Solution File, Format Version 12.00
# Visual Studio Version 16
VisualStudioVersion = 16.0.31205.134
MinimumVisualStudioVersion = 10.0.40219.1
Project("{FAE04EC0-301F-11D3-BF4B-00C04F79EFBC}") = "BasicExercise53", "BasicExercise53\BasicExercise53.csproj", "{8F7725AA-D54B-4AF6-9704-5442D3F45F88}"
EndProject
Global
	GlobalSection(SolutionConfigurationPlatforms) = preSolution
		Debug|Any CPU = Debug|Any CPU
		Release|Any CPU = Release|Any CPU
	EndGlobalSection
	GlobalSection(ProjectConfigurationPlatforms) = postSolution
		{8F7725AA-D54B-4AF6-9704-5442D3F45F88}.Debug|Any CPU.ActiveCfg = Debug|Any CPU
		{8F7725AA-D54B-4AF6-9704-5442D3F45F88}.Debug|Any CPU.Build.0 = Debug|Any CPU
		{8F7725AA-D54B-4AF6-9704-5442D3F45F88}.Release|Any CPU.ActiveCfg = Release|Any CPU
		{8F7725AA-D54B-4AF6-9704-5442D3F45F88}.Release|Any CPU.Build.0 = Release|Any CPU
	EndGlobalSection
	GlobalSection(SolutionProperties) = preSolution
		HideSolutionNode = FALSE
	EndGlobalSection
	GlobalSection(ExtensibilityGlobals) = postSolution
		SolutionGuid = {88FED753-7547-417B-899C-3E849EE7C89D}
	EndGlobalSection
EndGlobal
