
Microsoft Visual Studio Solution File, Format Version 12.00
# Visual Studio Version 16
VisualStudioVersion = 16.0.31105.61
MinimumVisualStudioVersion = 10.0.40219.1
Project("{FAE04EC0-301F-11D3-BF4B-00C04F79EFBC}") = "BasicExercise50", "BasicExercise50\BasicExercise50.csproj", "{D74DFB9E-3E2B-4B58-B80F-E9B6C7D12C30}"
EndProject
Global
	GlobalSection(SolutionConfigurationPlatforms) = preSolution
		Debug|Any CPU = Debug|Any CPU
		Release|Any CPU = Release|Any CPU
	EndGlobalSection
	GlobalSection(ProjectConfigurationPlatforms) = postSolution
		{D74DFB9E-3E2B-4B58-B80F-E9B6C7D12C30}.Debug|Any CPU.ActiveCfg = Debug|Any CPU
		{D74DFB9E-3E2B-4B58-B80F-E9B6C7D12C30}.Debug|Any CPU.Build.0 = Debug|Any CPU
		{D74DFB9E-3E2B-4B58-B80F-E9B6C7D12C30}.Release|Any CPU.ActiveCfg = Release|Any CPU
		{D74DFB9E-3E2B-4B58-B80F-E9B6C7D12C30}.Release|Any CPU.Build.0 = Release|Any CPU
	EndGlobalSection
	GlobalSection(SolutionProperties) = preSolution
		HideSolutionNode = FALSE
	EndGlobalSection
	GlobalSection(ExtensibilityGlobals) = postSolution
		SolutionGuid = {C7C67242-E053-4C84-B765-BBA3C59AEFE6}
	EndGlobalSection
EndGlobal
