
Microsoft Visual Studio Solution File, Format Version 12.00
# Visual Studio Version 16
VisualStudioVersion = 16.0.31205.134
MinimumVisualStudioVersion = 10.0.40219.1
Project("{FAE04EC0-301F-11D3-BF4B-00C04F79EFBC}") = "BasicExercise76", "BasicExercise76\BasicExercise76.csproj", "{0C8C7633-6C2A-4BA0-A383-70EF7778473D}"
EndProject
Global
	GlobalSection(SolutionConfigurationPlatforms) = preSolution
		Debug|Any CPU = Debug|Any CPU
		Release|Any CPU = Release|Any CPU
	EndGlobalSection
	GlobalSection(ProjectConfigurationPlatforms) = postSolution
		{0C8C7633-6C2A-4BA0-A383-70EF7778473D}.Debug|Any CPU.ActiveCfg = Debug|Any CPU
		{0C8C7633-6C2A-4BA0-A383-70EF7778473D}.Debug|Any CPU.Build.0 = Debug|Any CPU
		{0C8C7633-6C2A-4BA0-A383-70EF7778473D}.Release|Any CPU.ActiveCfg = Release|Any CPU
		{0C8C7633-6C2A-4BA0-A383-70EF7778473D}.Release|Any CPU.Build.0 = Release|Any CPU
	EndGlobalSection
	GlobalSection(SolutionProperties) = preSolution
		HideSolutionNode = FALSE
	EndGlobalSection
	GlobalSection(ExtensibilityGlobals) = postSolution
		SolutionGuid = {D5A0C9B1-7934-4C3D-82CA-2702F0B171F8}
	EndGlobalSection
EndGlobal
