
Microsoft Visual Studio Solution File, Format Version 12.00
# Visual Studio Version 16
VisualStudioVersion = 16.0.31613.86
MinimumVisualStudioVersion = 10.0.40219.1
Project("{FAE04EC0-301F-11D3-BF4B-00C04F79EFBC}") = "BasicAlgorithm48", "BasicAlgorithm48\BasicAlgorithm48.csproj", "{20DDBB06-5910-4DD4-BBC1-1A9339FAB25D}"
EndProject
Global
	GlobalSection(SolutionConfigurationPlatforms) = preSolution
		Debug|Any CPU = Debug|Any CPU
		Release|Any CPU = Release|Any CPU
	EndGlobalSection
	GlobalSection(ProjectConfigurationPlatforms) = postSolution
		{20DDBB06-5910-4DD4-BBC1-1A9339FAB25D}.Debug|Any CPU.ActiveCfg = Debug|Any CPU
		{20DDBB06-5910-4DD4-BBC1-1A9339FAB25D}.Debug|Any CPU.Build.0 = Debug|Any CPU
		{20DDBB06-5910-4DD4-BBC1-1A9339FAB25D}.Release|Any CPU.ActiveCfg = Release|Any CPU
		{20DDBB06-5910-4DD4-BBC1-1A9339FAB25D}.Release|Any CPU.Build.0 = Release|Any CPU
	EndGlobalSection
	GlobalSection(SolutionProperties) = preSolution
		HideSolutionNode = FALSE
	EndGlobalSection
	GlobalSection(ExtensibilityGlobals) = postSolution
		SolutionGuid = {06FF2CC1-9D61-45DA-B4AB-10469553B5CE}
	EndGlobalSection
EndGlobal
