
Microsoft Visual Studio Solution File, Format Version 12.00
# Visual Studio Version 16
VisualStudioVersion = 16.0.31205.134
MinimumVisualStudioVersion = 10.0.40219.1
Project("{FAE04EC0-301F-11D3-BF4B-00C04F79EFBC}") = "BasicExercise80", "BasicExercise80.csproj", "{F69982A8-1347-4827-9F05-B69865C7C3E6}"
EndProject
Global
	GlobalSection(SolutionConfigurationPlatforms) = preSolution
		Debug|Any CPU = Debug|Any CPU
		Release|Any CPU = Release|Any CPU
	EndGlobalSection
	GlobalSection(ProjectConfigurationPlatforms) = postSolution
		{F69982A8-1347-4827-9F05-B69865C7C3E6}.Debug|Any CPU.ActiveCfg = Debug|Any CPU
		{F69982A8-1347-4827-9F05-B69865C7C3E6}.Debug|Any CPU.Build.0 = Debug|Any CPU
		{F69982A8-1347-4827-9F05-B69865C7C3E6}.Release|Any CPU.ActiveCfg = Release|Any CPU
		{F69982A8-1347-4827-9F05-B69865C7C3E6}.Release|Any CPU.Build.0 = Release|Any CPU
	EndGlobalSection
	GlobalSection(SolutionProperties) = preSolution
		HideSolutionNode = FALSE
	EndGlobalSection
	GlobalSection(ExtensibilityGlobals) = postSolution
		SolutionGuid = {AD2342F3-33F5-4237-8055-724E7E26FB18}
	EndGlobalSection
EndGlobal
