
Microsoft Visual Studio Solution File, Format Version 12.00
# Visual Studio Version 16
VisualStudioVersion = 16.0.31019.35
MinimumVisualStudioVersion = 10.0.40219.1
Project("{FAE04EC0-301F-11D3-BF4B-00C04F79EFBC}") = "BasicExercise40", "BasicExercise40\BasicExercise40.csproj", "{F88B119B-D291-4BA2-ABE9-7E29F082E222}"
EndProject
Global
	GlobalSection(SolutionConfigurationPlatforms) = preSolution
		Debug|Any CPU = Debug|Any CPU
		Release|Any CPU = Release|Any CPU
	EndGlobalSection
	GlobalSection(ProjectConfigurationPlatforms) = postSolution
		{F88B119B-D291-4BA2-ABE9-7E29F082E222}.Debug|Any CPU.ActiveCfg = Debug|Any CPU
		{F88B119B-D291-4BA2-ABE9-7E29F082E222}.Debug|Any CPU.Build.0 = Debug|Any CPU
		{F88B119B-D291-4BA2-ABE9-7E29F082E222}.Release|Any CPU.ActiveCfg = Release|Any CPU
		{F88B119B-D291-4BA2-ABE9-7E29F082E222}.Release|Any CPU.Build.0 = Release|Any CPU
	EndGlobalSection
	GlobalSection(SolutionProperties) = preSolution
		HideSolutionNode = FALSE
	EndGlobalSection
	GlobalSection(ExtensibilityGlobals) = postSolution
		SolutionGuid = {5D4F641D-5450-4627-A3A5-D5D218EC7D8D}
	EndGlobalSection
EndGlobal
