
Microsoft Visual Studio Solution File, Format Version 12.00
# Visual Studio Version 16
VisualStudioVersion = 16.0.31205.134
MinimumVisualStudioVersion = 10.0.40219.1
Project("{FAE04EC0-301F-11D3-BF4B-00C04F79EFBC}") = "BasicExercise68", "BasicExercise68\BasicExercise68.csproj", "{4C163320-5DB1-4DC6-944A-1B2F66A31F39}"
EndProject
Global
	GlobalSection(SolutionConfigurationPlatforms) = preSolution
		Debug|Any CPU = Debug|Any CPU
		Release|Any CPU = Release|Any CPU
	EndGlobalSection
	GlobalSection(ProjectConfigurationPlatforms) = postSolution
		{4C163320-5DB1-4DC6-944A-1B2F66A31F39}.Debug|Any CPU.ActiveCfg = Debug|Any CPU
		{4C163320-5DB1-4DC6-944A-1B2F66A31F39}.Debug|Any CPU.Build.0 = Debug|Any CPU
		{4C163320-5DB1-4DC6-944A-1B2F66A31F39}.Release|Any CPU.ActiveCfg = Release|Any CPU
		{4C163320-5DB1-4DC6-944A-1B2F66A31F39}.Release|Any CPU.Build.0 = Release|Any CPU
	EndGlobalSection
	GlobalSection(SolutionProperties) = preSolution
		HideSolutionNode = FALSE
	EndGlobalSection
	GlobalSection(ExtensibilityGlobals) = postSolution
		SolutionGuid = {B0B0077C-BBCA-4B24-A211-44859349B87E}
	EndGlobalSection
EndGlobal
