
Microsoft Visual Studio Solution File, Format Version 12.00
# Visual Studio Version 16
VisualStudioVersion = 16.0.31613.86
MinimumVisualStudioVersion = 10.0.40219.1
Project("{FAE04EC0-301F-11D3-BF4B-00C04F79EFBC}") = "BasicAlgorithm47", "BasicAlgorithm47\BasicAlgorithm47.csproj", "{F4E1EA89-16B6-4EC4-976D-BD40FE9F87BD}"
EndProject
Global
	GlobalSection(SolutionConfigurationPlatforms) = preSolution
		Debug|Any CPU = Debug|Any CPU
		Release|Any CPU = Release|Any CPU
	EndGlobalSection
	GlobalSection(ProjectConfigurationPlatforms) = postSolution
		{F4E1EA89-16B6-4EC4-976D-BD40FE9F87BD}.Debug|Any CPU.ActiveCfg = Debug|Any CPU
		{F4E1EA89-16B6-4EC4-976D-BD40FE9F87BD}.Debug|Any CPU.Build.0 = Debug|Any CPU
		{F4E1EA89-16B6-4EC4-976D-BD40FE9F87BD}.Release|Any CPU.ActiveCfg = Release|Any CPU
		{F4E1EA89-16B6-4EC4-976D-BD40FE9F87BD}.Release|Any CPU.Build.0 = Release|Any CPU
	EndGlobalSection
	GlobalSection(SolutionProperties) = preSolution
		HideSolutionNode = FALSE
	EndGlobalSection
	GlobalSection(ExtensibilityGlobals) = postSolution
		SolutionGuid = {775F01AE-560C-4270-A6FD-20F1223F3F39}
	EndGlobalSection
EndGlobal
