
Microsoft Visual Studio Solution File, Format Version 12.00
# Visual Studio Version 16
VisualStudioVersion = 16.0.31205.134
MinimumVisualStudioVersion = 10.0.40219.1
Project("{FAE04EC0-301F-11D3-BF4B-00C04F79EFBC}") = "BasicExercise71", "BasicExercise71\BasicExercise71.csproj", "{DB94D4DC-084E-46B4-ACFD-1743775B3D8F}"
EndProject
Global
	GlobalSection(SolutionConfigurationPlatforms) = preSolution
		Debug|Any CPU = Debug|Any CPU
		Release|Any CPU = Release|Any CPU
	EndGlobalSection
	GlobalSection(ProjectConfigurationPlatforms) = postSolution
		{DB94D4DC-084E-46B4-ACFD-1743775B3D8F}.Debug|Any CPU.ActiveCfg = Debug|Any CPU
		{DB94D4DC-084E-46B4-ACFD-1743775B3D8F}.Debug|Any CPU.Build.0 = Debug|Any CPU
		{DB94D4DC-084E-46B4-ACFD-1743775B3D8F}.Release|Any CPU.ActiveCfg = Release|Any CPU
		{DB94D4DC-084E-46B4-ACFD-1743775B3D8F}.Release|Any CPU.Build.0 = Release|Any CPU
	EndGlobalSection
	GlobalSection(SolutionProperties) = preSolution
		HideSolutionNode = FALSE
	EndGlobalSection
	GlobalSection(ExtensibilityGlobals) = postSolution
		SolutionGuid = {33BCB296-BD3D-4115-B415-DC158C95FE04}
	EndGlobalSection
EndGlobal
