
Microsoft Visual Studio Solution File, Format Version 12.00
# Visual Studio Version 16
VisualStudioVersion = 16.0.31205.134
MinimumVisualStudioVersion = 10.0.40219.1
Project("{FAE04EC0-301F-11D3-BF4B-00C04F79EFBC}") = "BasicExercise55", "BasicExercise55\BasicExercise55.csproj", "{07BFBC26-37CE-4B77-AF87-CD11403AF1FA}"
EndProject
Global
	GlobalSection(SolutionConfigurationPlatforms) = preSolution
		Debug|Any CPU = Debug|Any CPU
		Release|Any CPU = Release|Any CPU
	EndGlobalSection
	GlobalSection(ProjectConfigurationPlatforms) = postSolution
		{07BFBC26-37CE-4B77-AF87-CD11403AF1FA}.Debug|Any CPU.ActiveCfg = Debug|Any CPU
		{07BFBC26-37CE-4B77-AF87-CD11403AF1FA}.Debug|Any CPU.Build.0 = Debug|Any CPU
		{07BFBC26-37CE-4B77-AF87-CD11403AF1FA}.Release|Any CPU.ActiveCfg = Release|Any CPU
		{07BFBC26-37CE-4B77-AF87-CD11403AF1FA}.Release|Any CPU.Build.0 = Release|Any CPU
	EndGlobalSection
	GlobalSection(SolutionProperties) = preSolution
		HideSolutionNode = FALSE
	EndGlobalSection
	GlobalSection(ExtensibilityGlobals) = postSolution
		SolutionGuid = {6CE9BF49-3E84-4111-A5C6-A8E292FA4B77}
	EndGlobalSection
EndGlobal
