
Microsoft Visual Studio Solution File, Format Version 12.00
# Visual Studio Version 16
VisualStudioVersion = 16.0.31605.320
MinimumVisualStudioVersion = 10.0.40219.1
Project("{FAE04EC0-301F-11D3-BF4B-00C04F79EFBC}") = "BasicAlgorithm23", "BasicAlgorithm23\BasicAlgorithm23.csproj", "{F4601256-0494-488D-B8C0-A719ABB00967}"
EndProject
Global
	GlobalSection(SolutionConfigurationPlatforms) = preSolution
		Debug|Any CPU = Debug|Any CPU
		Release|Any CPU = Release|Any CPU
	EndGlobalSection
	GlobalSection(ProjectConfigurationPlatforms) = postSolution
		{F4601256-0494-488D-B8C0-A719ABB00967}.Debug|Any CPU.ActiveCfg = Debug|Any CPU
		{F4601256-0494-488D-B8C0-A719ABB00967}.Debug|Any CPU.Build.0 = Debug|Any CPU
		{F4601256-0494-488D-B8C0-A719ABB00967}.Release|Any CPU.ActiveCfg = Release|Any CPU
		{F4601256-0494-488D-B8C0-A719ABB00967}.Release|Any CPU.Build.0 = Release|Any CPU
	EndGlobalSection
	GlobalSection(SolutionProperties) = preSolution
		HideSolutionNode = FALSE
	EndGlobalSection
	GlobalSection(ExtensibilityGlobals) = postSolution
		SolutionGuid = {AAEEF8B0-A563-4C56-9F37-DE077B89C381}
	EndGlobalSection
EndGlobal
